// !$*UTF8*$!
{
	archiveVersion = 1;
	classes = {
	};
	objectVersion = 48;
	objects = {

/* Begin PBXBuildFile section */
		29BECE921F6108E5001D6AFD /* AppDelegate.swift in Sources */ = {isa = PBXBuildFile; fileRef = 29BECE911F6108E5001D6AFD /* AppDelegate.swift */; };
		29BECE941F6108E5001D6AFD /* ViewController.swift in Sources */ = {isa = PBXBuildFile; fileRef = 29BECE931F6108E5001D6AFD /* ViewController.swift */; };
		29BECE971F6108E5001D6AFD /* Main.storyboard in Resources */ = {isa = PBXBuildFile; fileRef = 29BECE951F6108E5001D6AFD /* Main.storyboard */; };
		29BECE991F6108E5001D6AFD /* Assets.xcassets in Resources */ = {isa = PBXBuildFile; fileRef = 29BECE981F6108E5001D6AFD /* Assets.xcassets */; };
		29BECE9C1F6108E5001D6AFD /* LaunchScreen.storyboard in Resources */ = {isa = PBXBuildFile; fileRef = 29BECE9A1F6108E5001D6AFD /* LaunchScreen.storyboard */; };
		B5400915204CD5A500B4A380 /* animalCollection.swift in Sources */ = {isa = PBXBuildFile; fileRef = B5400914204CD5A500B4A380 /* animalCollection.swift */; };
		B547D0DF2026A53E00977E04 /* TravelCollection.swift in Sources */ = {isa = PBXBuildFile; fileRef = B547D0DE2026A53E00977E04 /* TravelCollection.swift */; };
		B552EAE12071DE1F00EDCB2D /* InfoPlist.strings in Resources */ = {isa = PBXBuildFile; fileRef = B552EAE32071DE1F00EDCB2D /* InfoPlist.strings */; };
		B5697FAF2033D2CD0006BF0E /* CategoryViewController.swift in Sources */ = {isa = PBXBuildFile; fileRef = B5697FAE2033D2CD0006BF0E /* CategoryViewController.swift */; };
		B5697FBD203421A80006BF0E /* customModeViewController.swift in Sources */ = {isa = PBXBuildFile; fileRef = B5697FBC203421A80006BF0E /* customModeViewController.swift */; };
		B5697FBF203423DC0006BF0E /* customRecordViewController.swift in Sources */ = {isa = PBXBuildFile; fileRef = B5697FBE203423DC0006BF0E /* customRecordViewController.swift */; };
		B5697FC3203C39220006BF0E /* sevenThousandWord.swift in Sources */ = {isa = PBXBuildFile; fileRef = B5697FC2203C39210006BF0E /* sevenThousandWord.swift */; };
		B588B2DB20552EB30053753F /* AD_file.swift in Sources */ = {isa = PBXBuildFile; fileRef = B588B2DA20552EB30053753F /* AD_file.swift */; };
		B59069852032DA04006797FD /* LifeCollection.swift in Sources */ = {isa = PBXBuildFile; fileRef = B59069842032DA04006797FD /* LifeCollection.swift */; };
		B59069872032DB51006797FD /* TrafficCollection.swift in Sources */ = {isa = PBXBuildFile; fileRef = B59069862032DB51006797FD /* TrafficCollection.swift */; };
		B5A5CD4920219C910030F448 /* menuViewController.swift in Sources */ = {isa = PBXBuildFile; fileRef = B5A5CD4820219C910030F448 /* menuViewController.swift */; };
		B5A5CD4D2022BFC60030F448 /* testArray.swift in Sources */ = {isa = PBXBuildFile; fileRef = B5A5CD4C2022BFC60030F448 /* testArray.swift */; };
		EED7469FC7DC0CD1E18C85D8 /* libPods-FlipYourBrain.a in Frameworks */ = {isa = PBXBuildFile; fileRef = FCE2BC7FD1A0B64C71775592 /* libPods-FlipYourBrain.a */; };
/* End PBXBuildFile section */

/* Begin PBXFileReference section */
		29BECE8E1F6108E5001D6AFD /* FlipYourBrain.app */ = {isa = PBXFileReference; explicitFileType = wrapper.application; includeInIndex = 0; path = FlipYourBrain.app; sourceTree = BUILT_PRODUCTS_DIR; };
		29BECE911F6108E5001D6AFD /* AppDelegate.swift */ = {isa = PBXFileReference; lastKnownFileType = sourcecode.swift; path = AppDelegate.swift; sourceTree = "<group>"; };
		29BECE931F6108E5001D6AFD /* ViewController.swift */ = {isa = PBXFileReference; lastKnownFileType = sourcecode.swift; path = ViewController.swift; sourceTree = "<group>"; };
		29BECE981F6108E5001D6AFD /* Assets.xcassets */ = {isa = PBXFileReference; lastKnownFileType = folder.assetcatalog; path = Assets.xcassets; sourceTree = "<group>"; };
		29BECE9D1F6108E5001D6AFD /* Info.plist */ = {isa = PBXFileReference; lastKnownFileType = text.plist.xml; path = Info.plist; sourceTree = "<group>"; };
		447B342163EC84212994BD16 /* Pods-FlipYourBrain.release.xcconfig */ = {isa = PBXFileReference; includeInIndex = 1; lastKnownFileType = text.xcconfig; name = "Pods-FlipYourBrain.release.xcconfig"; path = "Pods/Target Support Files/Pods-FlipYourBrain/Pods-FlipYourBrain.release.xcconfig"; sourceTree = "<group>"; };
		B5255545207B623E0015D135 /* zh-Hant */ = {isa = PBXFileReference; lastKnownFileType = file.storyboard; name = "zh-Hant"; path = "zh-Hant.lproj/Main.storyboard"; sourceTree = "<group>"; };
		B525554A207B668F0015D135 /* zh-Hant */ = {isa = PBXFileReference; lastKnownFileType = file.storyboard; name = "zh-Hant"; path = "zh-Hant.lproj/LaunchScreen.storyboard"; sourceTree = "<group>"; };
		B525554C207B678E0015D135 /* Base */ = {isa = PBXFileReference; lastKnownFileType = text.plist.strings; name = Base; path = Base.lproj/InfoPlist.strings; sourceTree = "<group>"; };
		B525554D207B67A60015D135 /* Base */ = {isa = PBXFileReference; lastKnownFileType = file.storyboard; name = Base; path = Base.lproj/LaunchScreen.storyboard; sourceTree = "<group>"; };
		B525554E207B67B40015D135 /* Base */ = {isa = PBXFileReference; lastKnownFileType = file.storyboard; name = Base; path = Base.lproj/Main.storyboard; sourceTree = "<group>"; };
		B5255551207B6A310015D135 /* zh-Hant */ = {isa = PBXFileReference; lastKnownFileType = text.plist.strings; name = "zh-Hant"; path = "zh-Hant.lproj/InfoPlist.strings"; sourceTree = "<group>"; };
		B5400914204CD5A500B4A380 /* animalCollection.swift */ = {isa = PBXFileReference; lastKnownFileType = sourcecode.swift; path = animalCollection.swift; sourceTree = "<group>"; };
		B547D0DE2026A53E00977E04 /* TravelCollection.swift */ = {isa = PBXFileReference; lastKnownFileType = sourcecode.swift; path = TravelCollection.swift; sourceTree = "<group>"; };
		B5697FAE2033D2CD0006BF0E /* CategoryViewController.swift */ = {isa = PBXFileReference; lastKnownFileType = sourcecode.swift; path = CategoryViewController.swift; sourceTree = "<group>"; };
		B5697FBC203421A80006BF0E /* customModeViewController.swift */ = {isa = PBXFileReference; lastKnownFileType = sourcecode.swift; path = customModeViewController.swift; sourceTree = "<group>"; };
		B5697FBE203423DC0006BF0E /* customRecordViewController.swift */ = {isa = PBXFileReference; lastKnownFileType = sourcecode.swift; path = customRecordViewController.swift; sourceTree = "<group>"; };
		B5697FC2203C39210006BF0E /* sevenThousandWord.swift */ = {isa = PBXFileReference; lastKnownFileType = sourcecode.swift; path = sevenThousandWord.swift; sourceTree = "<group>"; };
		B588B2DA20552EB30053753F /* AD_file.swift */ = {isa = PBXFileReference; lastKnownFileType = sourcecode.swift; path = AD_file.swift; sourceTree = "<group>"; };
		B59069842032DA04006797FD /* LifeCollection.swift */ = {isa = PBXFileReference; lastKnownFileType = sourcecode.swift; path = LifeCollection.swift; sourceTree = "<group>"; };
		B59069862032DB51006797FD /* TrafficCollection.swift */ = {isa = PBXFileReference; lastKnownFileType = sourcecode.swift; path = TrafficCollection.swift; sourceTree = "<group>"; };
		B5A5CD4820219C910030F448 /* menuViewController.swift */ = {isa = PBXFileReference; lastKnownFileType = sourcecode.swift; path = menuViewController.swift; sourceTree = "<group>"; };
		B5A5CD4C2022BFC60030F448 /* testArray.swift */ = {isa = PBXFileReference; lastKnownFileType = sourcecode.swift; path = testArray.swift; sourceTree = "<group>"; };
		DA67458DE5ADEF125BBA1040 /* Pods-FlipYourBrain.debug.xcconfig */ = {isa = PBXFileReference; includeInIndex = 1; lastKnownFileType = text.xcconfig; name = "Pods-FlipYourBrain.debug.xcconfig"; path = "Pods/Target Support Files/Pods-FlipYourBrain/Pods-FlipYourBrain.debug.xcconfig"; sourceTree = "<group>"; };
		FCE2BC7FD1A0B64C71775592 /* libPods-FlipYourBrain.a */ = {isa = PBXFileReference; explicitFileType = archive.ar; includeInIndex = 0; path = "libPods-FlipYourBrain.a"; sourceTree = BUILT_PRODUCTS_DIR; };
/* End PBXFileReference section */

/* Begin PBXFrameworksBuildPhase section */
		29BECE8B1F6108E5001D6AFD /* Frameworks */ = {
			isa = PBXFrameworksBuildPhase;
			buildActionMask = 2147483647;
			files = (
				EED7469FC7DC0CD1E18C85D8 /* libPods-FlipYourBrain.a in Frameworks */,
			);
			runOnlyForDeploymentPostprocessing = 0;
		};
/* End PBXFrameworksBuildPhase section */

/* Begin PBXGroup section */
		29BECE851F6108E5001D6AFD = {
			isa = PBXGroup;
			children = (
				29BECE901F6108E5001D6AFD /* FlipYourBrain */,
				29BECE8F1F6108E5001D6AFD /* Products */,
				A8FD044B9E99117B0A5E315D /* Pods */,
				B1E27B1EABCF509191CE161A /* Frameworks */,
			);
			sourceTree = "<group>";
		};
		29BECE8F1F6108E5001D6AFD /* Products */ = {
			isa = PBXGroup;
			children = (
				29BECE8E1F6108E5001D6AFD /* FlipYourBrain.app */,
			);
			name = Products;
			sourceTree = "<group>";
		};
		29BECE901F6108E5001D6AFD /* FlipYourBrain */ = {
			isa = PBXGroup;
			children = (
				B588B2DA20552EB30053753F /* AD_file.swift */,
				B547D0DA2026A36A00977E04 /* Data_Model */,
				29BECE911F6108E5001D6AFD /* AppDelegate.swift */,
				B547D0D92026A33900977E04 /* View_Controller */,
				29BECE951F6108E5001D6AFD /* Main.storyboard */,
				29BECE981F6108E5001D6AFD /* Assets.xcassets */,
				29BECE9A1F6108E5001D6AFD /* LaunchScreen.storyboard */,
				29BECE9D1F6108E5001D6AFD /* Info.plist */,
				B552EAE32071DE1F00EDCB2D /* InfoPlist.strings */,
			);
			path = FlipYourBrain;
			sourceTree = "<group>";
		};
		A8FD044B9E99117B0A5E315D /* Pods */ = {
			isa = PBXGroup;
			children = (
				DA67458DE5ADEF125BBA1040 /* Pods-FlipYourBrain.debug.xcconfig */,
				447B342163EC84212994BD16 /* Pods-FlipYourBrain.release.xcconfig */,
			);
			name = Pods;
			sourceTree = "<group>";
		};
		B1E27B1EABCF509191CE161A /* Frameworks */ = {
			isa = PBXGroup;
			children = (
				FCE2BC7FD1A0B64C71775592 /* libPods-FlipYourBrain.a */,
			);
			name = Frameworks;
			sourceTree = "<group>";
		};
		B547D0D92026A33900977E04 /* View_Controller */ = {
			isa = PBXGroup;
			children = (
				B5697FBE203423DC0006BF0E /* customRecordViewController.swift */,
				B5697FBC203421A80006BF0E /* customModeViewController.swift */,
				B5697FAE2033D2CD0006BF0E /* CategoryViewController.swift */,
				B5A5CD4820219C910030F448 /* menuViewController.swift */,
				29BECE931F6108E5001D6AFD /* ViewController.swift */,
			);
			path = View_Controller;
			sourceTree = "<group>";
		};
		B547D0DA2026A36A00977E04 /* Data_Model */ = {
			isa = PBXGroup;
			children = (
				B5697FC2203C39210006BF0E /* sevenThousandWord.swift */,
				B5400914204CD5A500B4A380 /* animalCollection.swift */,
				B59069862032DB51006797FD /* TrafficCollection.swift */,
				B59069842032DA04006797FD /* LifeCollection.swift */,
				B547D0DE2026A53E00977E04 /* TravelCollection.swift */,
				B5A5CD4C2022BFC60030F448 /* testArray.swift */,
			);
			path = Data_Model;
			sourceTree = "<group>";
		};
/* End PBXGroup section */

/* Begin PBXNativeTarget section */
		29BECE8D1F6108E5001D6AFD /* FlipYourBrain */ = {
			isa = PBXNativeTarget;
			buildConfigurationList = 29BECEA01F6108E5001D6AFD /* Build configuration list for PBXNativeTarget "FlipYourBrain" */;
			buildPhases = (
				E0A286C51CB97422BAF2AEE6 /* [CP] Check Pods Manifest.lock */,
				29BECE8A1F6108E5001D6AFD /* Sources */,
				29BECE8B1F6108E5001D6AFD /* Frameworks */,
				29BECE8C1F6108E5001D6AFD /* Resources */,
				9DFE41146653E4DADBEDE179 /* [CP] Embed Pods Frameworks */,
				87E8DB327B7A62A279B217CB /* [CP] Copy Pods Resources */,
			);
			buildRules = (
			);
			dependencies = (
			);
			name = FlipYourBrain;
			productName = "Memory Game";
			productReference = 29BECE8E1F6108E5001D6AFD /* FlipYourBrain.app */;
			productType = "com.apple.product-type.application";
		};
/* End PBXNativeTarget section */

/* Begin PBXProject section */
		29BECE861F6108E5001D6AFD /* Project object */ = {
			isa = PBXProject;
			attributes = {
				LastSwiftUpdateCheck = 0900;
				LastUpgradeCheck = 0900;
				ORGANIZATIONNAME = "Cinard Digital Media Institute";
				TargetAttributes = {
					29BECE8D1F6108E5001D6AFD = {
						CreatedOnToolsVersion = 9.0;
						ProvisioningStyle = Automatic;
					};
				};
			};
			buildConfigurationList = 29BECE891F6108E5001D6AFD /* Build configuration list for PBXProject "FlipYourBrain" */;
			compatibilityVersion = "Xcode 8.0";
			developmentRegion = en;
			hasScannedForEncodings = 0;
			knownRegions = (
				en,
				Base,
				"zh-Hant",
			);
			mainGroup = 29BECE851F6108E5001D6AFD;
			productRefGroup = 29BECE8F1F6108E5001D6AFD /* Products */;
			projectDirPath = "";
			projectRoot = "";
			targets = (
				29BECE8D1F6108E5001D6AFD /* FlipYourBrain */,
			);
		};
/* End PBXProject section */

/* Begin PBXResourcesBuildPhase section */
		29BECE8C1F6108E5001D6AFD /* Resources */ = {
			isa = PBXResourcesBuildPhase;
			buildActionMask = 2147483647;
			files = (
				29BECE9C1F6108E5001D6AFD /* LaunchScreen.storyboard in Resources */,
				B552EAE12071DE1F00EDCB2D /* InfoPlist.strings in Resources */,
				29BECE991F6108E5001D6AFD /* Assets.xcassets in Resources */,
				29BECE971F6108E5001D6AFD /* Main.storyboard in Resources */,
			);
			runOnlyForDeploymentPostprocessing = 0;
		};
/* End PBXResourcesBuildPhase section */

/* Begin PBXShellScriptBuildPhase section */
		87E8DB327B7A62A279B217CB /* [CP] Copy Pods Resources */ = {
			isa = PBXShellScriptBuildPhase;
			buildActionMask = 2147483647;
			files = (
			);
			inputPaths = (
			);
			name = "[CP] Copy Pods Resources";
			outputPaths = (
			);
			runOnlyForDeploymentPostprocessing = 0;
			shellPath = /bin/sh;
			shellScript = "\"${SRCROOT}/Pods/Target Support Files/Pods-FlipYourBrain/Pods-FlipYourBrain-resources.sh\"\n";
			showEnvVarsInLog = 0;
		};
		9DFE41146653E4DADBEDE179 /* [CP] Embed Pods Frameworks */ = {
			isa = PBXShellScriptBuildPhase;
			buildActionMask = 2147483647;
			files = (
			);
			inputPaths = (
			);
			name = "[CP] Embed Pods Frameworks";
			outputPaths = (
			);
			runOnlyForDeploymentPostprocessing = 0;
			shellPath = /bin/sh;
			shellScript = "\"${SRCROOT}/Pods/Target Support Files/Pods-FlipYourBrain/Pods-FlipYourBrain-frameworks.sh\"\n";
			showEnvVarsInLog = 0;
		};
		E0A286C51CB97422BAF2AEE6 /* [CP] Check Pods Manifest.lock */ = {
			isa = PBXShellScriptBuildPhase;
			buildActionMask = 2147483647;
			files = (
			);
			inputPaths = (
				"${PODS_PODFILE_DIR_PATH}/Podfile.lock",
				"${PODS_ROOT}/Manifest.lock",
			);
			name = "[CP] Check Pods Manifest.lock";
			outputPaths = (
				"$(DERIVED_FILE_DIR)/Pods-FlipYourBrain-checkManifestLockResult.txt",
			);
			runOnlyForDeploymentPostprocessing = 0;
			shellPath = /bin/sh;
			shellScript = "diff \"${PODS_PODFILE_DIR_PATH}/Podfile.lock\" \"${PODS_ROOT}/Manifest.lock\" > /dev/null\nif [ $? != 0 ] ; then\n    # print error to STDERR\n    echo \"error: The sandbox is not in sync with the Podfile.lock. Run 'pod install' or update your CocoaPods installation.\" >&2\n    exit 1\nfi\n# This output is used by Xcode 'outputs' to avoid re-running this script phase.\necho \"SUCCESS\" > \"${SCRIPT_OUTPUT_FILE_0}\"\n";
			showEnvVarsInLog = 0;
		};
/* End PBXShellScriptBuildPhase section */

/* Begin PBXSourcesBuildPhase section */
		29BECE8A1F6108E5001D6AFD /* Sources */ = {
			isa = PBXSourcesBuildPhase;
			buildActionMask = 2147483647;
			files = (
				B5A5CD4D2022BFC60030F448 /* testArray.swift in Sources */,
				B5A5CD4920219C910030F448 /* menuViewController.swift in Sources */,
				B5697FAF2033D2CD0006BF0E /* CategoryViewController.swift in Sources */,
				B5697FC3203C39220006BF0E /* sevenThousandWord.swift in Sources */,
				29BECE941F6108E5001D6AFD /* ViewController.swift in Sources */,
				B5697FBF203423DC0006BF0E /* customRecordViewController.swift in Sources */,
				B588B2DB20552EB30053753F /* AD_file.swift in Sources */,
				B59069852032DA04006797FD /* LifeCollection.swift in Sources */,
				B59069872032DB51006797FD /* TrafficCollection.swift in Sources */,
				29BECE921F6108E5001D6AFD /* AppDelegate.swift in Sources */,
				B5697FBD203421A80006BF0E /* customModeViewController.swift in Sources */,
				B547D0DF2026A53E00977E04 /* TravelCollection.swift in Sources */,
				B5400915204CD5A500B4A380 /* animalCollection.swift in Sources */,
			);
			runOnlyForDeploymentPostprocessing = 0;
		};
/* End PBXSourcesBuildPhase section */

/* Begin PBXVariantGroup section */
		29BECE951F6108E5001D6AFD /* Main.storyboard */ = {
			isa = PBXVariantGroup;
			children = (
				B5255545207B623E0015D135 /* zh-Hant */,
				B525554E207B67B40015D135 /* Base */,
			);
			name = Main.storyboard;
			sourceTree = "<group>";
		};
		29BECE9A1F6108E5001D6AFD /* LaunchScreen.storyboard */ = {
			isa = PBXVariantGroup;
			children = (
				B525554A207B668F0015D135 /* zh-Hant */,
				B525554D207B67A60015D135 /* Base */,
			);
			name = LaunchScreen.storyboard;
			sourceTree = "<group>";
		};
		B552EAE32071DE1F00EDCB2D /* InfoPlist.strings */ = {
			isa = PBXVariantGroup;
			children = (
				B525554C207B678E0015D135 /* Base */,
				B5255551207B6A310015D135 /* zh-Hant */,
			);
			name = InfoPlist.strings;
			sourceTree = "<group>";
		};
/* End PBXVariantGroup section */

/* Begin XCBuildConfiguration section */
		29BECE9E1F6108E5001D6AFD /* Debug */ = {
			isa = XCBuildConfiguration;
			buildSettings = {
				ALWAYS_SEARCH_USER_PATHS = NO;
				CLANG_ANALYZER_LOCALIZABILITY_NONLOCALIZED = YES;
				CLANG_ANALYZER_NONNULL = YES;
				CLANG_ANALYZER_NUMBER_OBJECT_CONVERSION = YES_AGGRESSIVE;
				CLANG_CXX_LANGUAGE_STANDARD = "gnu++14";
				CLANG_CXX_LIBRARY = "libc++";
				CLANG_ENABLE_MODULES = YES;
				CLANG_ENABLE_OBJC_ARC = YES;
				CLANG_WARN_BLOCK_CAPTURE_AUTORELEASING = YES;
				CLANG_WARN_BOOL_CONVERSION = YES;
				CLANG_WARN_COMMA = YES;
				CLANG_WARN_CONSTANT_CONVERSION = YES;
				CLANG_WARN_DIRECT_OBJC_ISA_USAGE = YES_ERROR;
				CLANG_WARN_DOCUMENTATION_COMMENTS = YES;
				CLANG_WARN_EMPTY_BODY = YES;
				CLANG_WARN_ENUM_CONVERSION = YES;
				CLANG_WARN_INFINITE_RECURSION = YES;
				CLANG_WARN_INT_CONVERSION = YES;
				CLANG_WARN_NON_LITERAL_NULL_CONVERSION = YES;
				CLANG_WARN_OBJC_LITERAL_CONVERSION = YES;
				CLANG_WARN_OBJC_ROOT_CLASS = YES_ERROR;
				CLANG_WARN_RANGE_LOOP_ANALYSIS = YES;
				CLANG_WARN_STRICT_PROTOTYPES = YES;
				CLANG_WARN_SUSPICIOUS_MOVE = YES;
				CLANG_WARN_UNGUARDED_AVAILABILITY = YES_AGGRESSIVE;
				CLANG_WARN_UNREACHABLE_CODE = YES;
				CLANG_WARN__DUPLICATE_METHOD_MATCH = YES;
				CODE_SIGN_IDENTITY = "iPhone Developer";
				COPY_PHASE_STRIP = NO;
				DEBUG_INFORMATION_FORMAT = dwarf;
				ENABLE_STRICT_OBJC_MSGSEND = YES;
				ENABLE_TESTABILITY = YES;
				GCC_C_LANGUAGE_STANDARD = gnu11;
				GCC_DYNAMIC_NO_PIC = NO;
				GCC_NO_COMMON_BLOCKS = YES;
				GCC_OPTIMIZATION_LEVEL = 0;
				GCC_PREPROCESSOR_DEFINITIONS = (
					"DEBUG=1",
					"$(inherited)",
				);
				GCC_WARN_64_TO_32_BIT_CONVERSION = YES;
				GCC_WARN_ABOUT_RETURN_TYPE = YES_ERROR;
				GCC_WARN_UNDECLARED_SELECTOR = YES;
				GCC_WARN_UNINITIALIZED_AUTOS = YES_AGGRESSIVE;
				GCC_WARN_UNUSED_FUNCTION = YES;
				GCC_WARN_UNUSED_VARIABLE = YES;
				IPHONEOS_DEPLOYMENT_TARGET = 9.0;
				MTL_ENABLE_DEBUG_INFO = YES;
				ONLY_ACTIVE_ARCH = YES;
				SDKROOT = iphoneos;
				SWIFT_ACTIVE_COMPILATION_CONDITIONS = DEBUG;
				SWIFT_OPTIMIZATION_LEVEL = "-Onone";
			};
			name = Debug;
		};
		29BECE9F1F6108E5001D6AFD /* Release */ = {
			isa = XCBuildConfiguration;
			buildSettings = {
				ALWAYS_SEARCH_USER_PATHS = NO;
				CLANG_ANALYZER_LOCALIZABILITY_NONLOCALIZED = YES;
				CLANG_ANALYZER_NONNULL = YES;
				CLANG_ANALYZER_NUMBER_OBJECT_CONVERSION = YES_AGGRESSIVE;
				CLANG_CXX_LANGUAGE_STANDARD = "gnu++14";
				CLANG_CXX_LIBRARY = "libc++";
				CLANG_ENABLE_MODULES = YES;
				CLANG_ENABLE_OBJC_ARC = YES;
				CLANG_WARN_BLOCK_CAPTURE_AUTORELEASING = YES;
				CLANG_WARN_BOOL_CONVERSION = YES;
				CLANG_WARN_COMMA = YES;
				CLANG_WARN_CONSTANT_CONVERSION = YES;
				CLANG_WARN_DIRECT_OBJC_ISA_USAGE = YES_ERROR;
				CLANG_WARN_DOCUMENTATION_COMMENTS = YES;
				CLANG_WARN_EMPTY_BODY = YES;
				CLANG_WARN_ENUM_CONVERSION = YES;
				CLANG_WARN_INFINITE_RECURSION = YES;
				CLANG_WARN_INT_CONVERSION = YES;
				CLANG_WARN_NON_LITERAL_NULL_CONVERSION = YES;
				CLANG_WARN_OBJC_LITERAL_CONVERSION = YES;
				CLANG_WARN_OBJC_ROOT_CLASS = YES_ERROR;
				CLANG_WARN_RANGE_LOOP_ANALYSIS = YES;
				CLANG_WARN_STRICT_PROTOTYPES = YES;
				CLANG_WARN_SUSPICIOUS_MOVE = YES;
				CLANG_WARN_UNGUARDED_AVAILABILITY = YES_AGGRESSIVE;
				CLANG_WARN_UNREACHABLE_CODE = YES;
				CLANG_WARN__DUPLICATE_METHOD_MATCH = YES;
				CODE_SIGN_IDENTITY = "iPhone Developer";
				COPY_PHASE_STRIP = NO;
				DEBUG_INFORMATION_FORMAT = "dwarf-with-dsym";
				ENABLE_NS_ASSERTIONS = NO;
				ENABLE_STRICT_OBJC_MSGSEND = YES;
				GCC_C_LANGUAGE_STANDARD = gnu11;
				GCC_NO_COMMON_BLOCKS = YES;
				GCC_WARN_64_TO_32_BIT_CONVERSION = YES;
				GCC_WARN_ABOUT_RETURN_TYPE = YES_ERROR;
				GCC_WARN_UNDECLARED_SELECTOR = YES;
				GCC_WARN_UNINITIALIZED_AUTOS = YES_AGGRESSIVE;
				GCC_WARN_UNUSED_FUNCTION = YES;
				GCC_WARN_UNUSED_VARIABLE = YES;
				IPHONEOS_DEPLOYMENT_TARGET = 9.0;
				MTL_ENABLE_DEBUG_INFO = NO;
				SDKROOT = iphoneos;
				SWIFT_OPTIMIZATION_LEVEL = "-Owholemodule";
				VALIDATE_PRODUCT = YES;
			};
			name = Release;
		};
		29BECEA11F6108E5001D6AFD /* Debug */ = {
			isa = XCBuildConfiguration;
			baseConfigurationReference = DA67458DE5ADEF125BBA1040 /* Pods-FlipYourBrain.debug.xcconfig */;
			buildSettings = {
				ASSETCATALOG_COMPILER_APPICON_NAME = AppIcon;
				CODE_SIGN_IDENTITY = "iPhone Developer";
				CODE_SIGN_STYLE = Automatic;
				DEVELOPMENT_TEAM = 4ZD6RQ7H2K;
				INFOPLIST_FILE = FlipYourBrain/Info.plist;
				IPHONEOS_DEPLOYMENT_TARGET = 9.0;
				LD_RUNPATH_SEARCH_PATHS = "$(inherited) @executable_path/Frameworks";
				PRODUCT_BUNDLE_IDENTIFIER = com.inow.FlipYourBrain;
				PRODUCT_NAME = "$(TARGET_NAME)";
				PROVISIONING_PROFILE_SPECIFIER = "";
				SWIFT_VERSION = 4.0;
				TARGETED_DEVICE_FAMILY = 1;
			};
			name = Debug;
		};
		29BECEA21F6108E5001D6AFD /* Release */ = {
			isa = XCBuildConfiguration;
			baseConfigurationReference = 447B342163EC84212994BD16 /* Pods-FlipYourBrain.release.xcconfig */;
			buildSettings = {
				ASSETCATALOG_COMPILER_APPICON_NAME = AppIcon;
				CODE_SIGN_IDENTITY = "iPhone Developer";
				CODE_SIGN_STYLE = Automatic;
				DEVELOPMENT_TEAM = 4ZD6RQ7H2K;
				INFOPLIST_FILE = FlipYourBrain/Info.plist;
				IPHONEOS_DEPLOYMENT_TARGET = 9.0;
				LD_RUNPATH_SEARCH_PATHS = "$(inherited) @executable_path/Frameworks";
				PRODUCT_BUNDLE_IDENTIFIER = com.inow.FlipYourBrain;
				PRODUCT_NAME = "$(TARGET_NAME)";
				PROVISIONING_PROFILE_SPECIFIER = "";
				SWIFT_VERSION = 4.0;
				TARGETED_DEVICE_FAMILY = 1;
			};
			name = Release;
		};
/* End XCBuildConfiguration section */

/* Begin XCConfigurationList section */
		29BECE891F6108E5001D6AFD /* Build configuration list for PBXProject "FlipYourBrain" */ = {
			isa = XCConfigurationList;
			buildConfigurations = (
				29BECE9E1F6108E5001D6AFD /* Debug */,
				29BECE9F1F6108E5001D6AFD /* Release */,
			);
			defaultConfigurationIsVisible = 0;
			defaultConfigurationName = Release;
		};
		29BECEA01F6108E5001D6AFD /* Build configuration list for PBXNativeTarget "FlipYourBrain" */ = {
			isa = XCConfigurationList;
			buildConfigurations = (
				29BECEA11F6108E5001D6AFD /* Debug */,
				29BECEA21F6108E5001D6AFD /* Release */,
			);
			defaultConfigurationIsVisible = 0;
			defaultConfigurationName = Release;
		};
/* End XCConfigurationList section */
	};
	rootObject = 29BECE861F6108E5001D6AFD /* Project object */;
}
